
Microsoft Visual Studio Solution File, Format Version 12.00
# Visual Studio Version 17
VisualStudioVersion = 17.8.34601.278
MinimumVisualStudioVersion = 10.0.40219.1
Project("{9A19103F-16F7-4668-BE54-9A1E7A4F7556}") = "ConsoleApp1", "ConsoleApp1\ConsoleApp1.csproj", "{AE28708A-DECC-45A2-81BB-688BB3069D10}"
EndProject
Project("{9A19103F-16F7-4668-BE54-9A1E7A4F7556}") = "RepkaLoadTest", "RepkaLoadTest\RepkaLoadTest.csproj", "{5DEB71CD-B45E-422E-A0FB-0D47B6985641}"
EndProject
Global
	GlobalSection(SolutionConfigurationPlatforms) = preSolution
		Debug|Any CPU = Debug|Any CPU
		Debug|x64 = Debug|x64
		Debug|x86 = Debug|x86
		Release|Any CPU = Release|Any CPU
		Release|x64 = Release|x64
		Release|x86 = Release|x86
	EndGlobalSection
	GlobalSection(ProjectConfigurationPlatforms) = postSolution
		{AE28708A-DECC-45A2-81BB-688BB3069D10}.Debug|Any CPU.ActiveCfg = Debug|Any CPU
		{AE28708A-DECC-45A2-81BB-688BB3069D10}.Debug|Any CPU.Build.0 = Debug|Any CPU
		{AE28708A-DECC-45A2-81BB-688BB3069D10}.Debug|x64.ActiveCfg = Debug|Any CPU
		{AE28708A-DECC-45A2-81BB-688BB3069D10}.Debug|x64.Build.0 = Debug|Any CPU
		{AE28708A-DECC-45A2-81BB-688BB3069D10}.Debug|x86.ActiveCfg = Debug|x86
		{AE28708A-DECC-45A2-81BB-688BB3069D10}.Debug|x86.Build.0 = Debug|x86
		{AE28708A-DECC-45A2-81BB-688BB3069D10}.Release|Any CPU.ActiveCfg = Release|Any CPU
		{AE28708A-DECC-45A2-81BB-688BB3069D10}.Release|Any CPU.Build.0 = Release|Any CPU
		{AE28708A-DECC-45A2-81BB-688BB3069D10}.Release|x64.ActiveCfg = Release|x64
		{AE28708A-DECC-45A2-81BB-688BB3069D10}.Release|x64.Build.0 = Release|x64
		{AE28708A-DECC-45A2-81BB-688BB3069D10}.Release|x86.ActiveCfg = Release|x86
		{AE28708A-DECC-45A2-81BB-688BB3069D10}.Release|x86.Build.0 = Release|x86
		{5DEB71CD-B45E-422E-A0FB-0D47B6985641}.Debug|Any CPU.ActiveCfg = Debug|Any CPU
		{5DEB71CD-B45E-422E-A0FB-0D47B6985641}.Debug|Any CPU.Build.0 = Debug|Any CPU
		{5DEB71CD-B45E-422E-A0FB-0D47B6985641}.Debug|x64.ActiveCfg = Debug|Any CPU
		{5DEB71CD-B45E-422E-A0FB-0D47B6985641}.Debug|x64.Build.0 = Debug|Any CPU
		{5DEB71CD-B45E-422E-A0FB-0D47B6985641}.Debug|x86.ActiveCfg = Debug|Any CPU
		{5DEB71CD-B45E-422E-A0FB-0D47B6985641}.Debug|x86.Build.0 = Debug|Any CPU
		{5DEB71CD-B45E-422E-A0FB-0D47B6985641}.Release|Any CPU.ActiveCfg = Release|Any CPU
		{5DEB71CD-B45E-422E-A0FB-0D47B6985641}.Release|Any CPU.Build.0 = Release|Any CPU
		{5DEB71CD-B45E-422E-A0FB-0D47B6985641}.Release|x64.ActiveCfg = Release|Any CPU
		{5DEB71CD-B45E-422E-A0FB-0D47B6985641}.Release|x64.Build.0 = Release|Any CPU
		{5DEB71CD-B45E-422E-A0FB-0D47B6985641}.Release|x86.ActiveCfg = Release|Any CPU
		{5DEB71CD-B45E-422E-A0FB-0D47B6985641}.Release|x86.Build.0 = Release|Any CPU
	EndGlobalSection
	GlobalSection(SolutionProperties) = preSolution
		HideSolutionNode = FALSE
	EndGlobalSection
	GlobalSection(ExtensibilityGlobals) = postSolution
		SolutionGuid = {E235901F-555F-4264-ACB5-F8295EF6E299}
	EndGlobalSection
EndGlobal
